
Microsoft Visual Studio Solution File, Format Version 12.00
# Visual Studio Version 17
VisualStudioVersion = 17.5.33424.131
MinimumVisualStudioVersion = 10.0.40219.1
Project("{FAE04EC0-301F-11D3-BF4B-00C04F79EFBC}") = "20.03.23", "20.03.23\20.03.23.csproj", "{13A50B86-0601-4DC5-BD85-D8FDF4CAC74B}"
EndProject
Global
	GlobalSection(SolutionConfigurationPlatforms) = preSolution
		Debug|Any CPU = Debug|Any CPU
		Release|Any CPU = Release|Any CPU
	EndGlobalSection
	GlobalSection(ProjectConfigurationPlatforms) = postSolution
		{13A50B86-0601-4DC5-BD85-D8FDF4CAC74B}.Debug|Any CPU.ActiveCfg = Debug|Any CPU
		{13A50B86-0601-4DC5-BD85-D8FDF4CAC74B}.Debug|Any CPU.Build.0 = Debug|Any CPU
		{13A50B86-0601-4DC5-BD85-D8FDF4CAC74B}.Release|Any CPU.ActiveCfg = Release|Any CPU
		{13A50B86-0601-4DC5-BD85-D8FDF4CAC74B}.Release|Any CPU.Build.0 = Release|Any CPU
	EndGlobalSection
	GlobalSection(SolutionProperties) = preSolution
		HideSolutionNode = FALSE
	EndGlobalSection
	GlobalSection(ExtensibilityGlobals) = postSolution
		SolutionGuid = {04A5BD9D-A489-4C58-A6A4-E372FDCFD226}
	EndGlobalSection
EndGlobal
